Microsoft Visual Studio Solution File, Format Version 11.00
# Visual Studio 2008

Project("{B5BB8C4D-3377-2A47-B175-2104985AC3E2}") = "ModeBrowse", "Assembly-CSharp.csproj", "{9318CE51-BDA3-6A1B-6CF1-D627056E6CD6}"
EndProject
Global
	GlobalSection(SolutionConfigurationPlatforms) = preSolution
		Debug|Any CPU = Debug|Any CPU
		Release|Any CPU = Release|Any CPU
	EndGlobalSection
	GlobalSection(ProjectConfigurationPlatforms) = postSolution
		{9318CE51-BDA3-6A1B-6CF1-D627056E6CD6}.Debug|Any CPU.ActiveCfg = Debug|Any CPU
		{9318CE51-BDA3-6A1B-6CF1-D627056E6CD6}.Debug|Any CPU.Build.0 = Debug|Any CPU
		{9318CE51-BDA3-6A1B-6CF1-D627056E6CD6}.Release|Any CPU.ActiveCfg = Release|Any CPU
		{9318CE51-BDA3-6A1B-6CF1-D627056E6CD6}.Release|Any CPU.Build.0 = Release|Any CPU
	EndGlobalSection
	GlobalSection(SolutionProperties) = preSolution
		HideSolutionNode = FALSE
	EndGlobalSection
	GlobalSection(MonoDevelopProperties) = preSolution
		StartupItem = Assembly-CSharp.csproj
	EndGlobalSection
EndGlobal
